// !$*UTF8*$!
{
	archiveVersion = 1;
	classes = {
	};
	objectVersion = 51;
	objects = {

/* Begin PBXBuildFile section */
		4788D73524D3BEA50039E8B3 /* CollectionReusableViewHeader.swift in Sources */ = {isa = PBXBuildFile; fileRef = 4788D73324D3BEA40039E8B3 /* CollectionReusableViewHeader.swift */; };
		4788D73624D3BEA50039E8B3 /* CollectionReusableViewHeader.xib in Resources */ = {isa = PBXBuildFile; fileRef = 4788D73424D3BEA50039E8B3 /* CollectionReusableViewHeader.xib */; };
		47B64B1C24D2B10800503E96 /* AppDelegate.swift in Sources */ = {isa = PBXBuildFile; fileRef = 47B64B1B24D2B10800503E96 /* AppDelegate.swift */; };
		47B64B1E24D2B10800503E96 /* SceneDelegate.swift in Sources */ = {isa = PBXBuildFile; fileRef = 47B64B1D24D2B10800503E96 /* SceneDelegate.swift */; };
		47B64B2024D2B10800503E96 /* ViewController.swift in Sources */ = {isa = PBXBuildFile; fileRef = 47B64B1F24D2B10800503E96 /* ViewController.swift */; };
		47B64B2524D2B10A00503E96 /* Assets.xcassets in Resources */ = {isa = PBXBuildFile; fileRef = 47B64B2424D2B10A00503E96 /* Assets.xcassets */; };
		47B64B3324D2B10A00503E96 /* ExampleTests.swift in Sources */ = {isa = PBXBuildFile; fileRef = 47B64B3224D2B10A00503E96 /* ExampleTests.swift */; };
		47B64B3E24D2B10A00503E96 /* ExampleUITests.swift in Sources */ = {isa = PBXBuildFile; fileRef = 47B64B3D24D2B10A00503E96 /* ExampleUITests.swift */; };
		47B64B5E24D2B22F00503E96 /* LaunchScreen.storyboard in Resources */ = {isa = PBXBuildFile; fileRef = 47B64B5A24D2B22E00503E96 /* LaunchScreen.storyboard */; };
		47B64B5F24D2B22F00503E96 /* Main.storyboard in Resources */ = {isa = PBXBuildFile; fileRef = 47B64B5C24D2B22F00503E96 /* Main.storyboard */; };
		47B64B6624D2B25900503E96 /* Header_Rx.xib in Resources */ = {isa = PBXBuildFile; fileRef = 47B64B6024D2B25900503E96 /* Header_Rx.xib */; };
		47B64B6724D2B25900503E96 /* Cell_Image.swift in Sources */ = {isa = PBXBuildFile; fileRef = 47B64B6124D2B25900503E96 /* Cell_Image.swift */; };
		47B64B6824D2B25900503E96 /* Cell_Image.xib in Resources */ = {isa = PBXBuildFile; fileRef = 47B64B6224D2B25900503E96 /* Cell_Image.xib */; };
		47B64B6924D2B25900503E96 /* RxCollectionViewController.swift in Sources */ = {isa = PBXBuildFile; fileRef = 47B64B6324D2B25900503E96 /* RxCollectionViewController.swift */; };
		47B64B6A24D2B25900503E96 /* SceneDelegate.swift in Sources */ = {isa = PBXBuildFile; fileRef = 47B64B6424D2B25900503E96 /* SceneDelegate.swift */; };
		47B64B6B24D2B25900503E96 /* RxViewController.swift in Sources */ = {isa = PBXBuildFile; fileRef = 47B64B6524D2B25900503E96 /* RxViewController.swift */; };
		5639FD152D5E2E15239497B8 /* Pods_Example.framework in Frameworks */ = {isa = PBXBuildFile; fileRef = DCC92DA548FEA5FA0A3BBE5F /* Pods_Example.framework */; };
/* End PBXBuildFile section */

/* Begin PBXContainerItemProxy section */
		47B64B2F24D2B10A00503E96 /* PBXContainerItemProxy */ = {
			isa = PBXContainerItemProxy;
			containerPortal = 47B64B1024D2B10800503E96 /* Project object */;
			proxyType = 1;
			remoteGlobalIDString = 47B64B1724D2B10800503E96;
			remoteInfo = Example;
		};
		47B64B3A24D2B10A00503E96 /* PBXContainerItemProxy */ = {
			isa = PBXContainerItemProxy;
			containerPortal = 47B64B1024D2B10800503E96 /* Project object */;
			proxyType = 1;
			remoteGlobalIDString = 47B64B1724D2B10800503E96;
			remoteInfo = Example;
		};
/* End PBXContainerItemProxy section */

/* Begin PBXFileReference section */
		4788D73324D3BEA40039E8B3 /* CollectionReusableViewHeader.swift */ = {isa = PBXFileReference; lastKnownFileType = sourcecode.swift; path = CollectionReusableViewHeader.swift; sourceTree = "<group>"; };
		4788D73424D3BEA50039E8B3 /* CollectionReusableViewHeader.xib */ = {isa = PBXFileReference; lastKnownFileType = file.xib; path = CollectionReusableViewHeader.xib; sourceTree = "<group>"; };
		47B64B1824D2B10800503E96 /* Example.app */ = {isa = PBXFileReference; explicitFileType = wrapper.application; includeInIndex = 0; path = Example.app; sourceTree = BUILT_PRODUCTS_DIR; };
		47B64B1B24D2B10800503E96 /* AppDelegate.swift */ = {isa = PBXFileReference; lastKnownFileType = sourcecode.swift; path = AppDelegate.swift; sourceTree = "<group>"; };
		47B64B1D24D2B10800503E96 /* SceneDelegate.swift */ = {isa = PBXFileReference; lastKnownFileType = sourcecode.swift; path = SceneDelegate.swift; sourceTree = "<group>"; };
		47B64B1F24D2B10800503E96 /* ViewController.swift */ = {isa = PBXFileReference; lastKnownFileType = sourcecode.swift; path = ViewController.swift; sourceTree = "<group>"; };
		47B64B2424D2B10A00503E96 /* Assets.xcassets */ = {isa = PBXFileReference; lastKnownFileType = folder.assetcatalog; path = Assets.xcassets; sourceTree = "<group>"; };
		47B64B2924D2B10A00503E96 /* Info.plist */ = {isa = PBXFileReference; lastKnownFileType = text.plist.xml; path = Info.plist; sourceTree = "<group>"; };
		47B64B2E24D2B10A00503E96 /* ExampleTests.xctest */ = {isa = PBXFileReference; explicitFileType = wrapper.cfbundle; includeInIndex = 0; path = ExampleTests.xctest; sourceTree = BUILT_PRODUCTS_DIR; };
		47B64B3224D2B10A00503E96 /* ExampleTests.swift */ = {isa = PBXFileReference; lastKnownFileType = sourcecode.swift; path = ExampleTests.swift; sourceTree = "<group>"; };
		47B64B3424D2B10A00503E96 /* Info.plist */ = {isa = PBXFileReference; lastKnownFileType = text.plist.xml; path = Info.plist; sourceTree = "<group>"; };
		47B64B3924D2B10A00503E96 /* ExampleUITests.xctest */ = {isa = PBXFileReference; explicitFileType = wrapper.cfbundle; includeInIndex = 0; path = ExampleUITests.xctest; sourceTree = BUILT_PRODUCTS_DIR; };
		47B64B3D24D2B10A00503E96 /* ExampleUITests.swift */ = {isa = PBXFileReference; lastKnownFileType = sourcecode.swift; path = ExampleUITests.swift; sourceTree = "<group>"; };
		47B64B3F24D2B10A00503E96 /* Info.plist */ = {isa = PBXFileReference; lastKnownFileType = text.plist.xml; path = Info.plist; sourceTree = "<group>"; };
		47B64B5B24D2B22E00503E96 /* Base */ = {isa = PBXFileReference; lastKnownFileType = file.storyboard; name = Base; path = Base.lproj/LaunchScreen.storyboard; sourceTree = "<group>"; };
		47B64B5D24D2B22F00503E96 /* Base */ = {isa = PBXFileReference; lastKnownFileType = file.storyboard; name = Base; path = Base.lproj/Main.storyboard; sourceTree = "<group>"; };
		47B64B6024D2B25900503E96 /* Header_Rx.xib */ = {isa = PBXFileReference; fileEncoding = 4; lastKnownFileType = file.xib; path = Header_Rx.xib; sourceTree = "<group>"; };
		47B64B6124D2B25900503E96 /* Cell_Image.swift */ = {isa = PBXFileReference; fileEncoding = 4; lastKnownFileType = sourcecode.swift; path = Cell_Image.swift; sourceTree = "<group>"; };
		47B64B6224D2B25900503E96 /* Cell_Image.xib */ = {isa = PBXFileReference; fileEncoding = 4; lastKnownFileType = file.xib; path = Cell_Image.xib; sourceTree = "<group>"; };
		47B64B6324D2B25900503E96 /* RxCollectionViewController.swift */ = {isa = PBXFileReference; fileEncoding = 4; lastKnownFileType = sourcecode.swift; path = RxCollectionViewController.swift; sourceTree = "<group>"; };
		47B64B6424D2B25900503E96 /* SceneDelegate.swift */ = {isa = PBXFileReference; fileEncoding = 4; lastKnownFileType = sourcecode.swift; path = SceneDelegate.swift; sourceTree = "<group>"; };
		47B64B6524D2B25900503E96 /* RxViewController.swift */ = {isa = PBXFileReference; fileEncoding = 4; lastKnownFileType = sourcecode.swift; path = RxViewController.swift; sourceTree = "<group>"; };
		47B64B6C24D2B26B00503E96 /* Example-Bridging-Header.h */ = {isa = PBXFileReference; fileEncoding = 4; lastKnownFileType = sourcecode.c.h; path = "Example-Bridging-Header.h"; sourceTree = "<group>"; };
		B90B0B8FF1BA224D13B0D858 /* Pods-Example.debug.xcconfig */ = {isa = PBXFileReference; includeInIndex = 1; lastKnownFileType = text.xcconfig; name = "Pods-Example.debug.xcconfig"; path = "Target Support Files/Pods-Example/Pods-Example.debug.xcconfig"; sourceTree = "<group>"; };
		C98000DEBBC21BA41E45DC71 /* Pods-Example.release.xcconfig */ = {isa = PBXFileReference; includeInIndex = 1; lastKnownFileType = text.xcconfig; name = "Pods-Example.release.xcconfig"; path = "Target Support Files/Pods-Example/Pods-Example.release.xcconfig"; sourceTree = "<group>"; };
		DCC92DA548FEA5FA0A3BBE5F /* Pods_Example.framework */ = {isa = PBXFileReference; explicitFileType = wrapper.framework; includeInIndex = 0; path = Pods_Example.framework; sourceTree = BUILT_PRODUCTS_DIR; };
/* End PBXFileReference section */

/* Begin PBXFrameworksBuildPhase section */
		47B64B1524D2B10800503E96 /* Frameworks */ = {
			isa = PBXFrameworksBuildPhase;
			buildActionMask = 2147483647;
			files = (
				5639FD152D5E2E15239497B8 /* Pods_Example.framework in Frameworks */,
			);
			runOnlyForDeploymentPostprocessing = 0;
		};
		47B64B2B24D2B10A00503E96 /* Frameworks */ = {
			isa = PBXFrameworksBuildPhase;
			buildActionMask = 2147483647;
			files = (
			);
			runOnlyForDeploymentPostprocessing = 0;
		};
		47B64B3624D2B10A00503E96 /* Frameworks */ = {
			isa = PBXFrameworksBuildPhase;
			buildActionMask = 2147483647;
			files = (
			);
			runOnlyForDeploymentPostprocessing = 0;
		};
/* End PBXFrameworksBuildPhase section */

/* Begin PBXGroup section */
		47B64B0F24D2B10800503E96 = {
			isa = PBXGroup;
			children = (
				47B64B1A24D2B10800503E96 /* Example */,
				47B64B3124D2B10A00503E96 /* ExampleTests */,
				47B64B3C24D2B10A00503E96 /* ExampleUITests */,
				47B64B1924D2B10800503E96 /* Products */,
				D61622E628E3A0CBE138C4C0 /* Pods */,
				664C3C52C7CE06FB752AD1D9 /* Frameworks */,
			);
			sourceTree = "<group>";
		};
		47B64B1924D2B10800503E96 /* Products */ = {
			isa = PBXGroup;
			children = (
				47B64B1824D2B10800503E96 /* Example.app */,
				47B64B2E24D2B10A00503E96 /* ExampleTests.xctest */,
				47B64B3924D2B10A00503E96 /* ExampleUITests.xctest */,
			);
			name = Products;
			sourceTree = "<group>";
		};
		47B64B1A24D2B10800503E96 /* Example */ = {
			isa = PBXGroup;
			children = (
				47B64B1B24D2B10800503E96 /* AppDelegate.swift */,
				47B64B2424D2B10A00503E96 /* Assets.xcassets */,
				47B64B6124D2B25900503E96 /* Cell_Image.swift */,
				47B64B6224D2B25900503E96 /* Cell_Image.xib */,
				4788D73324D3BEA40039E8B3 /* CollectionReusableViewHeader.swift */,
				4788D73424D3BEA50039E8B3 /* CollectionReusableViewHeader.xib */,
				47B64B6C24D2B26B00503E96 /* Example-Bridging-Header.h */,
				47B64B6024D2B25900503E96 /* Header_Rx.xib */,
				47B64B2924D2B10A00503E96 /* Info.plist */,
				47B64B5A24D2B22E00503E96 /* LaunchScreen.storyboard */,
				47B64B5C24D2B22F00503E96 /* Main.storyboard */,
				47B64B6324D2B25900503E96 /* RxCollectionViewController.swift */,
				47B64B6524D2B25900503E96 /* RxViewController.swift */,
				47B64B1D24D2B10800503E96 /* SceneDelegate.swift */,
				47B64B1F24D2B10800503E96 /* ViewController.swift */,
				47B64B6424D2B25900503E96 /* SceneDelegate.swift */,
			);
			path = Example;
			sourceTree = "<group>";
		};
		47B64B3124D2B10A00503E96 /* ExampleTests */ = {
			isa = PBXGroup;
			children = (
				47B64B3224D2B10A00503E96 /* ExampleTests.swift */,
				47B64B3424D2B10A00503E96 /* Info.plist */,
			);
			path = ExampleTests;
			sourceTree = "<group>";
		};
		47B64B3C24D2B10A00503E96 /* ExampleUITests */ = {
			isa = PBXGroup;
			children = (
				47B64B3D24D2B10A00503E96 /* ExampleUITests.swift */,
				47B64B3F24D2B10A00503E96 /* Info.plist */,
			);
			path = ExampleUITests;
			sourceTree = "<group>";
		};
		664C3C52C7CE06FB752AD1D9 /* Frameworks */ = {
			isa = PBXGroup;
			children = (
				DCC92DA548FEA5FA0A3BBE5F /* Pods_Example.framework */,
			);
			name = Frameworks;
			sourceTree = "<group>";
		};
		D61622E628E3A0CBE138C4C0 /* Pods */ = {
			isa = PBXGroup;
			children = (
				B90B0B8FF1BA224D13B0D858 /* Pods-Example.debug.xcconfig */,
				C98000DEBBC21BA41E45DC71 /* Pods-Example.release.xcconfig */,
			);
			path = Pods;
			sourceTree = "<group>";
		};
/* End PBXGroup section */

/* Begin PBXNativeTarget section */
		47B64B1724D2B10800503E96 /* Example */ = {
			isa = PBXNativeTarget;
			buildConfigurationList = 47B64B4224D2B10A00503E96 /* Build configuration list for PBXNativeTarget "Example" */;
			buildPhases = (
				D6E9A7AD9D7AF712425F7995 /* [CP] Check Pods Manifest.lock */,
				47B64B1424D2B10800503E96 /* Sources */,
				47B64B1524D2B10800503E96 /* Frameworks */,
				47B64B1624D2B10800503E96 /* Resources */,
				5042ECA32F315C216C484153 /* [CP] Embed Pods Frameworks */,
			);
			buildRules = (
			);
			dependencies = (
			);
			name = Example;
			productName = Example;
			productReference = 47B64B1824D2B10800503E96 /* Example.app */;
			productType = "com.apple.product-type.application";
		};
		47B64B2D24D2B10A00503E96 /* ExampleTests */ = {
			isa = PBXNativeTarget;
			buildConfigurationList = 47B64B4524D2B10A00503E96 /* Build configuration list for PBXNativeTarget "ExampleTests" */;
			buildPhases = (
				47B64B2A24D2B10A00503E96 /* Sources */,
				47B64B2B24D2B10A00503E96 /* Frameworks */,
				47B64B2C24D2B10A00503E96 /* Resources */,
			);
			buildRules = (
			);
			dependencies = (
				47B64B3024D2B10A00503E96 /* PBXTargetDependency */,
			);
			name = ExampleTests;
			productName = ExampleTests;
			productReference = 47B64B2E24D2B10A00503E96 /* ExampleTests.xctest */;
			productType = "com.apple.product-type.bundle.unit-test";
		};
		47B64B3824D2B10A00503E96 /* ExampleUITests */ = {
			isa = PBXNativeTarget;
			buildConfigurationList = 47B64B4824D2B10A00503E96 /* Build configuration list for PBXNativeTarget "ExampleUITests" */;
			buildPhases = (
				47B64B3524D2B10A00503E96 /* Sources */,
				47B64B3624D2B10A00503E96 /* Frameworks */,
				47B64B3724D2B10A00503E96 /* Resources */,
			);
			buildRules = (
			);
			dependencies = (
				47B64B3B24D2B10A00503E96 /* PBXTargetDependency */,
			);
			name = ExampleUITests;
			productName = ExampleUITests;
			productReference = 47B64B3924D2B10A00503E96 /* ExampleUITests.xctest */;
			productType = "com.apple.product-type.bundle.ui-testing";
		};
/* End PBXNativeTarget section */

/* Begin PBXProject section */
		47B64B1024D2B10800503E96 /* Project object */ = {
			isa = PBXProject;
			attributes = {
				LastSwiftUpdateCheck = 1150;
				LastUpgradeCheck = 1150;
				ORGANIZATIONNAME = sifenzi;
				TargetAttributes = {
					47B64B1724D2B10800503E96 = {
						CreatedOnToolsVersion = 11.5;
					};
					47B64B2D24D2B10A00503E96 = {
						CreatedOnToolsVersion = 11.5;
						TestTargetID = 47B64B1724D2B10800503E96;
					};
					47B64B3824D2B10A00503E96 = {
						CreatedOnToolsVersion = 11.5;
						TestTargetID = 47B64B1724D2B10800503E96;
					};
				};
			};
			buildConfigurationList = 47B64B1324D2B10800503E96 /* Build configuration list for PBXProject "Example" */;
			compatibilityVersion = "Xcode 9.3";
			developmentRegion = en;
			hasScannedForEncodings = 0;
			knownRegions = (
				en,
				Base,
			);
			mainGroup = 47B64B0F24D2B10800503E96;
			productRefGroup = 47B64B1924D2B10800503E96 /* Products */;
			projectDirPath = "";
			projectRoot = "";
			targets = (
				47B64B1724D2B10800503E96 /* Example */,
				47B64B2D24D2B10A00503E96 /* ExampleTests */,
				47B64B3824D2B10A00503E96 /* ExampleUITests */,
			);
		};
/* End PBXProject section */

/* Begin PBXResourcesBuildPhase section */
		47B64B1624D2B10800503E96 /* Resources */ = {
			isa = PBXResourcesBuildPhase;
			buildActionMask = 2147483647;
			files = (
				47B64B6624D2B25900503E96 /* Header_Rx.xib in Resources */,
				47B64B5F24D2B22F00503E96 /* Main.storyboard in Resources */,
				4788D73624D3BEA50039E8B3 /* CollectionReusableViewHeader.xib in Resources */,
				47B64B5E24D2B22F00503E96 /* LaunchScreen.storyboard in Resources */,
				47B64B2524D2B10A00503E96 /* Assets.xcassets in Resources */,
				47B64B6824D2B25900503E96 /* Cell_Image.xib in Resources */,
			);
			runOnlyForDeploymentPostprocessing = 0;
		};
		47B64B2C24D2B10A00503E96 /* Resources */ = {
			isa = PBXResourcesBuildPhase;
			buildActionMask = 2147483647;
			files = (
			);
			runOnlyForDeploymentPostprocessing = 0;
		};
		47B64B3724D2B10A00503E96 /* Resources */ = {
			isa = PBXResourcesBuildPhase;
			buildActionMask = 2147483647;
			files = (
			);
			runOnlyForDeploymentPostprocessing = 0;
		};
/* End PBXResourcesBuildPhase section */

/* Begin PBXShellScriptBuildPhase section */
		5042ECA32F315C216C484153 /* [CP] Embed Pods Frameworks */ = {
			isa = PBXShellScriptBuildPhase;
			buildActionMask = 2147483647;
			files = (
			);
			inputFileListPaths = (
				"${PODS_ROOT}/Target Support Files/Pods-Example/Pods-Example-frameworks-${CONFIGURATION}-input-files.xcfilelist",
			);
			name = "[CP] Embed Pods Frameworks";
			outputFileListPaths = (
				"${PODS_ROOT}/Target Support Files/Pods-Example/Pods-Example-frameworks-${CONFIGURATION}-output-files.xcfilelist",
			);
			runOnlyForDeploymentPostprocessing = 0;
			shellPath = /bin/sh;
			shellScript = "\"${PODS_ROOT}/Target Support Files/Pods-Example/Pods-Example-frameworks.sh\"\n";
			showEnvVarsInLog = 0;
		};
		D6E9A7AD9D7AF712425F7995 /* [CP] Check Pods Manifest.lock */ = {
			isa = PBXShellScriptBuildPhase;
			buildActionMask = 2147483647;
			files = (
			);
			inputFileListPaths = (
			);
			inputPaths = (
				"${PODS_PODFILE_DIR_PATH}/Podfile.lock",
				"${PODS_ROOT}/Manifest.lock",
			);
			name = "[CP] Check Pods Manifest.lock";
			outputFileListPaths = (
			);
			outputPaths = (
				"$(DERIVED_FILE_DIR)/Pods-Example-checkManifestLockResult.txt",
			);
			runOnlyForDeploymentPostprocessing = 0;
			shellPath = /bin/sh;
			shellScript = "diff \"${PODS_PODFILE_DIR_PATH}/Podfile.lock\" \"${PODS_ROOT}/Manifest.lock\" > /dev/null\nif [ $? != 0 ] ; then\n    # print error to STDERR\n    echo \"error: The sandbox is not in sync with the Podfile.lock. Run 'pod install' or update your CocoaPods installation.\" >&2\n    exit 1\nfi\n# This output is used by Xcode 'outputs' to avoid re-running this script phase.\necho \"SUCCESS\" > \"${SCRIPT_OUTPUT_FILE_0}\"\n";
			showEnvVarsInLog = 0;
		};
/* End PBXShellScriptBuildPhase section */

/* Begin PBXSourcesBuildPhase section */
		47B64B1424D2B10800503E96 /* Sources */ = {
			isa = PBXSourcesBuildPhase;
			buildActionMask = 2147483647;
			files = (
				4788D73524D3BEA50039E8B3 /* CollectionReusableViewHeader.swift in Sources */,
				47B64B2024D2B10800503E96 /* ViewController.swift in Sources */,
				47B64B6B24D2B25900503E96 /* RxViewController.swift in Sources */,
				47B64B6724D2B25900503E96 /* Cell_Image.swift in Sources */,
				47B64B1C24D2B10800503E96 /* AppDelegate.swift in Sources */,
				47B64B6924D2B25900503E96 /* RxCollectionViewController.swift in Sources */,
				47B64B1E24D2B10800503E96 /* SceneDelegate.swift in Sources */,
				47B64B6A24D2B25900503E96 /* SceneDelegate.swift in Sources */,
			);
			runOnlyForDeploymentPostprocessing = 0;
		};
		47B64B2A24D2B10A00503E96 /* Sources */ = {
			isa = PBXSourcesBuildPhase;
			buildActionMask = 2147483647;
			files = (
				47B64B3324D2B10A00503E96 /* ExampleTests.swift in Sources */,
			);
			runOnlyForDeploymentPostprocessing = 0;
		};
		47B64B3524D2B10A00503E96 /* Sources */ = {
			isa = PBXSourcesBuildPhase;
			buildActionMask = 2147483647;
			files = (
				47B64B3E24D2B10A00503E96 /* ExampleUITests.swift in Sources */,
			);
			runOnlyForDeploymentPostprocessing = 0;
		};
/* End PBXSourcesBuildPhase section */

/* Begin PBXTargetDependency section */
		47B64B3024D2B10A00503E96 /* PBXTargetDependency */ = {
			isa = PBXTargetDependency;
			target = 47B64B1724D2B10800503E96 /* Example */;
			targetProxy = 47B64B2F24D2B10A00503E96 /* PBXContainerItemProxy */;
		};
		47B64B3B24D2B10A00503E96 /* PBXTargetDependency */ = {
			isa = PBXTargetDependency;
			target = 47B64B1724D2B10800503E96 /* Example */;
			targetProxy = 47B64B3A24D2B10A00503E96 /* PBXContainerItemProxy */;
		};
/* End PBXTargetDependency section */

/* Begin PBXVariantGroup section */
		47B64B5A24D2B22E00503E96 /* LaunchScreen.storyboard */ = {
			isa = PBXVariantGroup;
			children = (
				47B64B5B24D2B22E00503E96 /* Base */,
			);
			name = LaunchScreen.storyboard;
			sourceTree = "<group>";
		};
		47B64B5C24D2B22F00503E96 /* Main.storyboard */ = {
			isa = PBXVariantGroup;
			children = (
				47B64B5D24D2B22F00503E96 /* Base */,
			);
			name = Main.storyboard;
			sourceTree = "<group>";
		};
/* End PBXVariantGroup section */

/* Begin XCBuildConfiguration section */
		47B64B4024D2B10A00503E96 /* Debug */ = {
			isa = XCBuildConfiguration;
			buildSettings = {
				ALWAYS_SEARCH_USER_PATHS = NO;
				CLANG_ANALYZER_NONNULL = YES;
				CLANG_ANALYZER_NUMBER_OBJECT_CONVERSION = YES_AGGRESSIVE;
				CLANG_CXX_LANGUAGE_STANDARD = "gnu++14";
				CLANG_CXX_LIBRARY = "libc++";
				CLANG_ENABLE_MODULES = YES;
				CLANG_ENABLE_OBJC_ARC = YES;
				CLANG_ENABLE_OBJC_WEAK = YES;
				CLANG_WARN_BLOCK_CAPTURE_AUTORELEASING = YES;
				CLANG_WARN_BOOL_CONVERSION = YES;
				CLANG_WARN_COMMA = YES;
				CLANG_WARN_CONSTANT_CONVERSION = YES;
				CLANG_WARN_DEPRECATED_OBJC_IMPLEMENTATIONS = YES;
				CLANG_WARN_DIRECT_OBJC_ISA_USAGE = YES_ERROR;
				CLANG_WARN_DOCUMENTATION_COMMENTS = YES;
				CLANG_WARN_EMPTY_BODY = YES;
				CLANG_WARN_ENUM_CONVERSION = YES;
				CLANG_WARN_INFINITE_RECURSION = YES;
				CLANG_WARN_INT_CONVERSION = YES;
				CLANG_WARN_NON_LITERAL_NULL_CONVERSION = YES;
				CLANG_WARN_OBJC_IMPLICIT_RETAIN_SELF = YES;
				CLANG_WARN_OBJC_LITERAL_CONVERSION = YES;
				CLANG_WARN_OBJC_ROOT_CLASS = YES_ERROR;
				CLANG_WARN_RANGE_LOOP_ANALYSIS = YES;
				CLANG_WARN_STRICT_PROTOTYPES = YES;
				CLANG_WARN_SUSPICIOUS_MOVE = YES;
				CLANG_WARN_UNGUARDED_AVAILABILITY = YES_AGGRESSIVE;
				CLANG_WARN_UNREACHABLE_CODE = YES;
				CLANG_WARN__DUPLICATE_METHOD_MATCH = YES;
				COPY_PHASE_STRIP = NO;
				DEBUG_INFORMATION_FORMAT = dwarf;
				ENABLE_STRICT_OBJC_MSGSEND = YES;
				ENABLE_TESTABILITY = YES;
				GCC_C_LANGUAGE_STANDARD = gnu11;
				GCC_DYNAMIC_NO_PIC = NO;
				GCC_NO_COMMON_BLOCKS = YES;
				GCC_OPTIMIZATION_LEVEL = 0;
				GCC_PREPROCESSOR_DEFINITIONS = (
					"DEBUG=1",
					"$(inherited)",
				);
				GCC_WARN_64_TO_32_BIT_CONVERSION = YES;
				GCC_WARN_ABOUT_RETURN_TYPE = YES_ERROR;
				GCC_WARN_UNDECLARED_SELECTOR = YES;
				GCC_WARN_UNINITIALIZED_AUTOS = YES_AGGRESSIVE;
				GCC_WARN_UNUSED_FUNCTION = YES;
				GCC_WARN_UNUSED_VARIABLE = YES;
				IPHONEOS_DEPLOYMENT_TARGET = 13.5;
				MTL_ENABLE_DEBUG_INFO = INCLUDE_SOURCE;
				MTL_FAST_MATH = YES;
				ONLY_ACTIVE_ARCH = YES;
				SDKROOT = iphoneos;
				SWIFT_ACTIVE_COMPILATION_CONDITIONS = DEBUG;
				SWIFT_OPTIMIZATION_LEVEL = "-Onone";
			};
			name = Debug;
		};
		47B64B4124D2B10A00503E96 /* Release */ = {
			isa = XCBuildConfiguration;
			buildSettings = {
				ALWAYS_SEARCH_USER_PATHS = NO;
				CLANG_ANALYZER_NONNULL = YES;
				CLANG_ANALYZER_NUMBER_OBJECT_CONVERSION = YES_AGGRESSIVE;
				CLANG_CXX_LANGUAGE_STANDARD = "gnu++14";
				CLANG_CXX_LIBRARY = "libc++";
				CLANG_ENABLE_MODULES = YES;
				CLANG_ENABLE_OBJC_ARC = YES;
				CLANG_ENABLE_OBJC_WEAK = YES;
				CLANG_WARN_BLOCK_CAPTURE_AUTORELEASING = YES;
				CLANG_WARN_BOOL_CONVERSION = YES;
				CLANG_WARN_COMMA = YES;
				CLANG_WARN_CONSTANT_CONVERSION = YES;
				CLANG_WARN_DEPRECATED_OBJC_IMPLEMENTATIONS = YES;
				CLANG_WARN_DIRECT_OBJC_ISA_USAGE = YES_ERROR;
				CLANG_WARN_DOCUMENTATION_COMMENTS = YES;
				CLANG_WARN_EMPTY_BODY = YES;
				CLANG_WARN_ENUM_CONVERSION = YES;
				CLANG_WARN_INFINITE_RECURSION = YES;
				CLANG_WARN_INT_CONVERSION = YES;
				CLANG_WARN_NON_LITERAL_NULL_CONVERSION = YES;
				CLANG_WARN_OBJC_IMPLICIT_RETAIN_SELF = YES;
				CLANG_WARN_OBJC_LITERAL_CONVERSION = YES;
				CLANG_WARN_OBJC_ROOT_CLASS = YES_ERROR;
				CLANG_WARN_RANGE_LOOP_ANALYSIS = YES;
				CLANG_WARN_STRICT_PROTOTYPES = YES;
				CLANG_WARN_SUSPICIOUS_MOVE = YES;
				CLANG_WARN_UNGUARDED_AVAILABILITY = YES_AGGRESSIVE;
				CLANG_WARN_UNREACHABLE_CODE = YES;
				CLANG_WARN__DUPLICATE_METHOD_MATCH = YES;
				COPY_PHASE_STRIP = NO;
				DEBUG_INFORMATION_FORMAT = "dwarf-with-dsym";
				ENABLE_NS_ASSERTIONS = NO;
				ENABLE_STRICT_OBJC_MSGSEND = YES;
				GCC_C_LANGUAGE_STANDARD = gnu11;
				GCC_NO_COMMON_BLOCKS = YES;
				GCC_WARN_64_TO_32_BIT_CONVERSION = YES;
				GCC_WARN_ABOUT_RETURN_TYPE = YES_ERROR;
				GCC_WARN_UNDECLARED_SELECTOR = YES;
				GCC_WARN_UNINITIALIZED_AUTOS = YES_AGGRESSIVE;
				GCC_WARN_UNUSED_FUNCTION = YES;
				GCC_WARN_UNUSED_VARIABLE = YES;
				IPHONEOS_DEPLOYMENT_TARGET = 13.5;
				MTL_ENABLE_DEBUG_INFO = NO;
				MTL_FAST_MATH = YES;
				SDKROOT = iphoneos;
				SWIFT_COMPILATION_MODE = wholemodule;
				SWIFT_OPTIMIZATION_LEVEL = "-O";
				VALIDATE_PRODUCT = YES;
			};
			name = Release;
		};
		47B64B4324D2B10A00503E96 /* Debug */ = {
			isa = XCBuildConfiguration;
			baseConfigurationReference = B90B0B8FF1BA224D13B0D858 /* Pods-Example.debug.xcconfig */;
			buildSettings = {
				ASSETCATALOG_COMPILER_APPICON_NAME = AppIcon;
				CODE_SIGN_STYLE = Automatic;
				DEVELOPMENT_TEAM = 6UCH8TBL2D;
				INFOPLIST_FILE = Example/Info.plist;
				LD_RUNPATH_SEARCH_PATHS = (
					"$(inherited)",
					"@executable_path/Frameworks",
				);
				PRODUCT_BUNDLE_IDENTIFIER = com.github.liucaide.Example;
				PRODUCT_NAME = "$(TARGET_NAME)";
				SWIFT_OBJC_BRIDGING_HEADER = "Example/Example-Bridging-Header.h";
				SWIFT_VERSION = 4.0;
				TARGETED_DEVICE_FAMILY = "1,2";
			};
			name = Debug;
		};
		47B64B4424D2B10A00503E96 /* Release */ = {
			isa = XCBuildConfiguration;
			baseConfigurationReference = C98000DEBBC21BA41E45DC71 /* Pods-Example.release.xcconfig */;
			buildSettings = {
				ASSETCATALOG_COMPILER_APPICON_NAME = AppIcon;
				CODE_SIGN_STYLE = Automatic;
				DEVELOPMENT_TEAM = 6UCH8TBL2D;
				INFOPLIST_FILE = Example/Info.plist;
				LD_RUNPATH_SEARCH_PATHS = (
					"$(inherited)",
					"@executable_path/Frameworks",
				);
				PRODUCT_BUNDLE_IDENTIFIER = com.github.liucaide.Example;
				PRODUCT_NAME = "$(TARGET_NAME)";
				SWIFT_OBJC_BRIDGING_HEADER = "Example/Example-Bridging-Header.h";
				SWIFT_VERSION = 4.0;
				TARGETED_DEVICE_FAMILY = "1,2";
			};
			name = Release;
		};
		47B64B4624D2B10A00503E96 /* Debug */ = {
			isa = XCBuildConfiguration;
			buildSettings = {
				ALWAYS_EMBED_SWIFT_STANDARD_LIBRARIES = YES;
				BUNDLE_LOADER = "$(TEST_HOST)";
				CODE_SIGN_STYLE = Automatic;
				DEVELOPMENT_TEAM = 6UCH8TBL2D;
				INFOPLIST_FILE = ExampleTests/Info.plist;
				IPHONEOS_DEPLOYMENT_TARGET = 13.5;
				LD_RUNPATH_SEARCH_PATHS = (
					"$(inherited)",
					"@executable_path/Frameworks",
					"@loader_path/Frameworks",
				);
				PRODUCT_BUNDLE_IDENTIFIER = com.github.liucaide.ExampleTests;
				PRODUCT_NAME = "$(TARGET_NAME)";
				SWIFT_VERSION = 5.0;
				TARGETED_DEVICE_FAMILY = "1,2";
				TEST_HOST = "$(BUILT_PRODUCTS_DIR)/Example.app/Example";
			};
			name = Debug;
		};
		47B64B4724D2B10A00503E96 /* Release */ = {
			isa = XCBuildConfiguration;
			buildSettings = {
				ALWAYS_EMBED_SWIFT_STANDARD_LIBRARIES = YES;
				BUNDLE_LOADER = "$(TEST_HOST)";
				CODE_SIGN_STYLE = Automatic;
				DEVELOPMENT_TEAM = 6UCH8TBL2D;
				INFOPLIST_FILE = ExampleTests/Info.plist;
				IPHONEOS_DEPLOYMENT_TARGET = 13.5;
				LD_RUNPATH_SEARCH_PATHS = (
					"$(inherited)",
					"@executable_path/Frameworks",
					"@loader_path/Frameworks",
				);
				PRODUCT_BUNDLE_IDENTIFIER = com.github.liucaide.ExampleTests;
				PRODUCT_NAME = "$(TARGET_NAME)";
				SWIFT_VERSION = 5.0;
				TARGETED_DEVICE_FAMILY = "1,2";
				TEST_HOST = "$(BUILT_PRODUCTS_DIR)/Example.app/Example";
			};
			name = Release;
		};
		47B64B4924D2B10A00503E96 /* Debug */ = {
			isa = XCBuildConfiguration;
			buildSettings = {
				ALWAYS_EMBED_SWIFT_STANDARD_LIBRARIES = YES;
				CODE_SIGN_STYLE = Automatic;
				DEVELOPMENT_TEAM = 6UCH8TBL2D;
				INFOPLIST_FILE = ExampleUITests/Info.plist;
				LD_RUNPATH_SEARCH_PATHS = (
					"$(inherited)",
					"@executable_path/Frameworks",
					"@loader_path/Frameworks",
				);
				PRODUCT_BUNDLE_IDENTIFIER = com.github.liucaide.ExampleUITests;
				PRODUCT_NAME = "$(TARGET_NAME)";
				SWIFT_VERSION = 5.0;
				TARGETED_DEVICE_FAMILY = "1,2";
				TEST_TARGET_NAME = Example;
			};
			name = Debug;
		};
		47B64B4A24D2B10A00503E96 /* Release */ = {
			isa = XCBuildConfiguration;
			buildSettings = {
				ALWAYS_EMBED_SWIFT_STANDARD_LIBRARIES = YES;
				CODE_SIGN_STYLE = Automatic;
				DEVELOPMENT_TEAM = 6UCH8TBL2D;
				INFOPLIST_FILE = ExampleUITests/Info.plist;
				LD_RUNPATH_SEARCH_PATHS = (
					"$(inherited)",
					"@executable_path/Frameworks",
					"@loader_path/Frameworks",
				);
				PRODUCT_BUNDLE_IDENTIFIER = com.github.liucaide.ExampleUITests;
				PRODUCT_NAME = "$(TARGET_NAME)";
				SWIFT_VERSION = 5.0;
				TARGETED_DEVICE_FAMILY = "1,2";
				TEST_TARGET_NAME = Example;
			};
			name = Release;
		};
/* End XCBuildConfiguration section */

/* Begin XCConfigurationList section */
		47B64B1324D2B10800503E96 /* Build configuration list for PBXProject "Example" */ = {
			isa = XCConfigurationList;
			buildConfigurations = (
				47B64B4024D2B10A00503E96 /* Debug */,
				47B64B4124D2B10A00503E96 /* Release */,
			);
			defaultConfigurationIsVisible = 0;
			defaultConfigurationName = Release;
		};
		47B64B4224D2B10A00503E96 /* Build configuration list for PBXNativeTarget "Example" */ = {
			isa = XCConfigurationList;
			buildConfigurations = (
				47B64B4324D2B10A00503E96 /* Debug */,
				47B64B4424D2B10A00503E96 /* Release */,
			);
			defaultConfigurationIsVisible = 0;
			defaultConfigurationName = Release;
		};
		47B64B4524D2B10A00503E96 /* Build configuration list for PBXNativeTarget "ExampleTests" */ = {
			isa = XCConfigurationList;
			buildConfigurations = (
				47B64B4624D2B10A00503E96 /* Debug */,
				47B64B4724D2B10A00503E96 /* Release */,
			);
			defaultConfigurationIsVisible = 0;
			defaultConfigurationName = Release;
		};
		47B64B4824D2B10A00503E96 /* Build configuration list for PBXNativeTarget "ExampleUITests" */ = {
			isa = XCConfigurationList;
			buildConfigurations = (
				47B64B4924D2B10A00503E96 /* Debug */,
				47B64B4A24D2B10A00503E96 /* Release */,
			);
			defaultConfigurationIsVisible = 0;
			defaultConfigurationName = Release;
		};
/* End XCConfigurationList section */
	};
	rootObject = 47B64B1024D2B10800503E96 /* Project object */;
}
